<?xml version="1.0" encoding="utf-8"?>
<Project ToolsVersion="4.0" xmlns="http://schemas.microsoft.com/developer/msbuild/2003">
  <ItemGroup>
    <Filter Include="Source Files">
      <UniqueIdentifier>{4FC737F1-C7A5-4376-A066-2A32D752A2FF}</UniqueIdentifier>
      <Extensions>cpp;c;cc;cxx;c++;def;odl;idl;hpj;bat;asm;asmx</Extensions>
    </Filter>
    <Filter Include="Header Files">
      <UniqueIdentifier>{93995380-89BD-4b04-88EB-625FBE52EBFB}</UniqueIdentifier>
      <Extensions>h;hh;hpp;hxx;h++;hm;inl;inc;ipp;xsd</Extensions>
    </Filter>
    <Filter Include="Resource Files">
      <UniqueIdentifier>{67DA6AB6-F800-4c08-8B7A-83BB121AAD01}</UniqueIdentifier>
      <Extensions>rc;ico;cur;bmp;dlg;rc2;rct;bin;rgs;gif;jpg;jpeg;jpe;resx;tiff;tif;png;wav;mfcribbon-ms</Extensions>
    </Filter>
    <Filter Include="Header Files\Descriptors">
      <UniqueIdentifier>{354f1784-7302-42e5-9908-298ee7789aec}</UniqueIdentifier>
    </Filter>
    <Filter Include="Header Files\Commands">
      <UniqueIdentifier>{7e1c6243-eac4-42e9-a31a-7779b0ab5b87}</UniqueIdentifier>
    </Filter>
  </ItemGroup>
  <ItemGroup>
    <ClInclude Include="airsvk\Buffer.hpp">
      <Filter>Header Files</Filter>
    </ClInclude>
    <ClInclude Include="airsvk\Graphics.hpp">
      <Filter>Header Files</Filter>
    </ClInclude>
    <ClInclude Include="airsvk\Pipeline.hpp">
      <Filter>Header Files</Filter>
    </ClInclude>
    <ClInclude Include="airsvk\Shader.hpp">
      <Filter>Header Files</Filter>
    </ClInclude>
    <ClInclude Include="airsvk\DescriptorPool.hpp">
      <Filter>Header Files</Filter>
    </ClInclude>
    <ClInclude Include="airsvk\BufferView.hpp">
      <Filter>Header Files</Filter>
    </ClInclude>
    <ClInclude Include="airsvk\utils.hpp">
      <Filter>Header Files</Filter>
    </ClInclude>
    <ClInclude Include="airsvk\RenderPass.hpp">
      <Filter>Header Files</Filter>
    </ClInclude>
    <ClInclude Include="airsvk\Charset.hpp">
      <Filter>Header Files</Filter>
    </ClInclude>
    <ClInclude Include="airsvk\DescriptorSet.hpp">
      <Filter>Header Files</Filter>
    </ClInclude>
    <ClInclude Include="airsvk\Descriptor.hpp">
      <Filter>Header Files\Descriptors</Filter>
    </ClInclude>
    <ClInclude Include="airsvk\Command.hpp">
      <Filter>Header Files\Commands</Filter>
    </ClInclude>
    <ClInclude Include="airsvk\CommandLayout.hpp">
      <Filter>Header Files\Commands</Filter>
    </ClInclude>
  </ItemGroup>
  <ItemGroup>
    <ClCompile Include="src\Buffer.cpp">
      <Filter>Source Files</Filter>
    </ClCompile>
    <ClCompile Include="src\Graphics.cpp">
      <Filter>Source Files</Filter>
    </ClCompile>
    <ClCompile Include="src\Pipeline.cpp">
      <Filter>Source Files</Filter>
    </ClCompile>
    <ClCompile Include="src\Shader.cpp">
      <Filter>Source Files</Filter>
    </ClCompile>
    <ClCompile Include="src\DescriptorPool.cpp">
      <Filter>Source Files</Filter>
    </ClCompile>
    <ClCompile Include="src\BufferView.cpp">
      <Filter>Source Files</Filter>
    </ClCompile>
    <ClCompile Include="src\Charset.cpp">
      <Filter>Source Files</Filter>
    </ClCompile>
    <ClCompile Include="airsvk\CommandLayout.cpp">
      <Filter>Source Files</Filter>
    </ClCompile>
  </ItemGroup>
</Project>